
Microsoft Visual Studio Solution File, Format Version 12.00
# Visual Studio Version 17
VisualStudioVersion = 17.0.31903.59
MinimumVisualStudioVersion = 10.0.40219.1
Project("{FAE04EC0-301F-11D3-BF4B-00C04F79EFBC}") = "VUWare.Lib", "VUWare.Lib\VUWare.Lib.csproj", "{6E58B009-C114-4813-844F-E8A23842CBDA}"
EndProject
Project("{FAE04EC0-301F-11D3-BF4B-00C04F79EFBC}") = "VUWare.Console", "VUWare.Console\VUWare.Console.csproj", "{D8F3CF26-3803-418F-8054-0E2CFDC90A4A}"
EndProject
Project("{FAE04EC0-301F-11D3-BF4B-00C04F79EFBC}") = "VUWare.AIDA64", "VUWare.AIDA64\VUWare.AIDA64.csproj", "{F43CF91A-9991-48C8-8171-068B7AFF6B10}"
EndProject
Project("{FAE04EC0-301F-11D3-BF4B-00C04F79EFBC}") = "VUWare.App", "VUWare.App\VUWare.App.csproj", "{2426233C-6C80-4977-B843-68CE76AE22C2}"
EndProject
Project("{FAE04EC0-301F-11D3-BF4B-00C04F79EFBC}") = "VUWare.HWInfo64", "VUWare.HWInfo64\VUWare.HWInfo64.csproj", "{ABEC4964-B28D-447A-A630-D7C8B6E85960}"
EndProject
Global
	GlobalSection(SolutionConfigurationPlatforms) = preSolution
		Debug|Any CPU = Debug|Any CPU
		Debug|x64 = Debug|x64
		Debug|x86 = Debug|x86
		Release|Any CPU = Release|Any CPU
		Release|x64 = Release|x64
		Release|x86 = Release|x86
	EndGlobalSection
	GlobalSection(ProjectConfigurationPlatforms) = postSolution
		{6E58B009-C114-4813-844F-E8A23842CBDA}.Debug|Any CPU.ActiveCfg = Debug|Any CPU
		{6E58B009-C114-4813-844F-E8A23842CBDA}.Debug|Any CPU.Build.0 = Debug|Any CPU
		{6E58B009-C114-4813-844F-E8A23842CBDA}.Debug|x64.ActiveCfg = Debug|Any CPU
		{6E58B009-C114-4813-844F-E8A23842CBDA}.Debug|x64.Build.0 = Debug|Any CPU
		{6E58B009-C114-4813-844F-E8A23842CBDA}.Debug|x86.ActiveCfg = Debug|Any CPU
		{6E58B009-C114-4813-844F-E8A23842CBDA}.Debug|x86.Build.0 = Debug|Any CPU
		{6E58B009-C114-4813-844F-E8A23842CBDA}.Release|Any CPU.ActiveCfg = Release|Any CPU
		{6E58B009-C114-4813-844F-E8A23842CBDA}.Release|Any CPU.Build.0 = Release|Any CPU
		{6E58B009-C114-4813-844F-E8A23842CBDA}.Release|x64.ActiveCfg = Release|Any CPU
		{6E58B009-C114-4813-844F-E8A23842CBDA}.Release|x64.Build.0 = Release|Any CPU
		{6E58B009-C114-4813-844F-E8A23842CBDA}.Release|x86.ActiveCfg = Release|Any CPU
		{6E58B009-C114-4813-844F-E8A23842CBDA}.Release|x86.Build.0 = Release|Any CPU
		{D8F3CF26-3803-418F-8054-0E2CFDC90A4A}.Debug|Any CPU.ActiveCfg = Debug|Any CPU
		{D8F3CF26-3803-418F-8054-0E2CFDC90A4A}.Debug|Any CPU.Build.0 = Debug|Any CPU
		{D8F3CF26-3803-418F-8054-0E2CFDC90A4A}.Debug|x64.ActiveCfg = Debug|Any CPU
		{D8F3CF26-3803-418F-8054-0E2CFDC90A4A}.Debug|x64.Build.0 = Debug|Any CPU
		{D8F3CF26-3803-418F-8054-0E2CFDC90A4A}.Debug|x86.ActiveCfg = Debug|Any CPU
		{D8F3CF26-3803-418F-8054-0E2CFDC90A4A}.Debug|x86.Build.0 = Debug|Any CPU
		{D8F3CF26-3803-418F-8054-0E2CFDC90A4A}.Release|Any CPU.ActiveCfg = Release|Any CPU
		{D8F3CF26-3803-418F-8054-0E2CFDC90A4A}.Release|Any CPU.Build.0 = Release|Any CPU
		{D8F3CF26-3803-418F-8054-0E2CFDC90A4A}.Release|x64.ActiveCfg = Release|Any CPU
		{D8F3CF26-3803-418F-8054-0E2CFDC90A4A}.Release|x64.Build.0 = Release|Any CPU
		{D8F3CF26-3803-418F-8054-0E2CFDC90A4A}.Release|x86.ActiveCfg = Release|Any CPU
		{D8F3CF26-3803-418F-8054-0E2CFDC90A4A}.Release|x86.Build.0 = Release|Any CPU
		{F43CF91A-9991-48C8-8171-068B7AFF6B10}.Debug|Any CPU.ActiveCfg = Debug|Any CPU
		{F43CF91A-9991-48C8-8171-068B7AFF6B10}.Debug|Any CPU.Build.0 = Debug|Any CPU
		{F43CF91A-9991-48C8-8171-068B7AFF6B10}.Debug|x64.ActiveCfg = Debug|x64
		{F43CF91A-9991-48C8-8171-068B7AFF6B10}.Debug|x64.Build.0 = Debug|x64
		{F43CF91A-9991-48C8-8171-068B7AFF6B10}.Debug|x86.ActiveCfg = Debug|Any CPU
		{F43CF91A-9991-48C8-8171-068B7AFF6B10}.Debug|x86.Build.0 = Debug|Any CPU
		{F43CF91A-9991-48C8-8171-068B7AFF6B10}.Release|Any CPU.ActiveCfg = Release|Any CPU
		{F43CF91A-9991-48C8-8171-068B7AFF6B10}.Release|Any CPU.Build.0 = Release|Any CPU
		{F43CF91A-9991-48C8-8171-068B7AFF6B10}.Release|x64.ActiveCfg = Release|x64
		{F43CF91A-9991-48C8-8171-068B7AFF6B10}.Release|x64.Build.0 = Release|x64
		{F43CF91A-9991-48C8-8171-068B7AFF6B10}.Release|x86.ActiveCfg = Release|Any CPU
		{F43CF91A-9991-48C8-8171-068B7AFF6B10}.Release|x86.Build.0 = Release|Any CPU
		{2426233C-6C80-4977-B843-68CE76AE22C2}.Debug|Any CPU.ActiveCfg = Debug|Any CPU
		{2426233C-6C80-4977-B843-68CE76AE22C2}.Debug|Any CPU.Build.0 = Debug|Any CPU
		{2426233C-6C80-4977-B843-68CE76AE22C2}.Debug|x64.ActiveCfg = Debug|x64
		{2426233C-6C80-4977-B843-68CE76AE22C2}.Debug|x64.Build.0 = Debug|x64
		{2426233C-6C80-4977-B843-68CE76AE22C2}.Debug|x86.ActiveCfg = Debug|Any CPU
		{2426233C-6C80-4977-B843-68CE76AE22C2}.Debug|x86.Build.0 = Debug|Any CPU
		{2426233C-6C80-4977-B843-68CE76AE22C2}.Release|Any CPU.ActiveCfg = Release|Any CPU
		{2426233C-6C80-4977-B843-68CE76AE22C2}.Release|Any CPU.Build.0 = Release|Any CPU
		{2426233C-6C80-4977-B843-68CE76AE22C2}.Release|x64.ActiveCfg = Release|x64
		{2426233C-6C80-4977-B843-68CE76AE22C2}.Release|x64.Build.0 = Release|x64
		{2426233C-6C80-4977-B843-68CE76AE22C2}.Release|x86.ActiveCfg = Release|Any CPU
		{2426233C-6C80-4977-B843-68CE76AE22C2}.Release|x86.Build.0 = Release|Any CPU
		{ABEC4964-B28D-447A-A630-D7C8B6E85960}.Debug|Any CPU.ActiveCfg = Debug|Any CPU
		{ABEC4964-B28D-447A-A630-D7C8B6E85960}.Debug|Any CPU.Build.0 = Debug|Any CPU
		{ABEC4964-B28D-447A-A630-D7C8B6E85960}.Debug|x64.ActiveCfg = Debug|x64
		{ABEC4964-B28D-447A-A630-D7C8B6E85960}.Debug|x64.Build.0 = Debug|x64
		{ABEC4964-B28D-447A-A630-D7C8B6E85960}.Debug|x86.ActiveCfg = Debug|Any CPU
		{ABEC4964-B28D-447A-A630-D7C8B6E85960}.Debug|x86.Build.0 = Debug|Any CPU
		{ABEC4964-B28D-447A-A630-D7C8B6E85960}.Release|Any CPU.ActiveCfg = Release|Any CPU
		{ABEC4964-B28D-447A-A630-D7C8B6E85960}.Release|Any CPU.Build.0 = Release|Any CPU
		{ABEC4964-B28D-447A-A630-D7C8B6E85960}.Release|x64.ActiveCfg = Release|x64
		{ABEC4964-B28D-447A-A630-D7C8B6E85960}.Release|x64.Build.0 = Release|x64
		{ABEC4964-B28D-447A-A630-D7C8B6E85960}.Release|x86.ActiveCfg = Release|Any CPU
		{ABEC4964-B28D-447A-A630-D7C8B6E85960}.Release|x86.Build.0 = Release|Any CPU
	EndGlobalSection
	GlobalSection(SolutionProperties) = preSolution
		HideSolutionNode = FALSE
	EndGlobalSection
EndGlobal
